github.com/google/gousb v1.1.3 h1:xt6M5TDsGSZ+rlomz5Si5Hmd/Fvbmo2YCJHN+yGaK4o=
github.com/google/gousb v1.1.3/go.mod h1:GGWUkK0gAXDzxhwrzetW592aOmkkqSGcj5KLEgmCVUg=
gitlab.com/gomidi/midi/v2 v2.3.24 h1:afkq5nhlzKvZaj9QK80YbK8tH3lIlKLnPPP9HxxD7Do=
gitlab.com/gomidi/midi/v2 v2.3.24/go.mod h1:jDpP4O4skYi+7iVwt6Zyp18bd2M4hkjtMuw2cmgKgfw=
golang.org/x/image v0.41.0 h1:8wS72eGJMJaBxK6okTzd4WaXumUlTVlb753MlsSvTCo=
golang.org/x/image v0.41.0/go.mod h1:uIc348UZMSvS5Z65CVZ7iDPaNobNFEPeJ4kbqTOszmA=
golang.org/x/text v0.37.0 h1:Cqjiwd9eSg8e0QAkyCaQTNHFIIzWtidPahFWR83rTrc=
golang.org/x/text v0.37.0/go.mod h1:a5sjxXGs9hsn/AJVwuElvCAo9v8QYLzvavO5z2PiM38=
